
Microsoft Visual Studio Solution File, Format Version 12.00
# Visual Studio Version 16
VisualStudioVersion = 16.0.31313.79
MinimumVisualStudioVersion = 10.0.40219.1
Project("{FAE04EC0-301F-11D3-BF4B-00C04F79EFBC}") = "Homework12", "Homework12\Homework12.csproj", "{B1C60E60-0130-42EE-B22B-681062777764}"
EndProject
Global
	GlobalSection(SolutionConfigurationPlatforms) = preSolution
		Debug|Any CPU = Debug|Any CPU
		Release|Any CPU = Release|Any CPU
	EndGlobalSection
	GlobalSection(ProjectConfigurationPlatforms) = postSolution
		{B1C60E60-0130-42EE-B22B-681062777764}.Debug|Any CPU.ActiveCfg = Debug|Any CPU
		{B1C60E60-0130-42EE-B22B-681062777764}.Debug|Any CPU.Build.0 = Debug|Any CPU
		{B1C60E60-0130-42EE-B22B-681062777764}.Release|Any CPU.ActiveCfg = Release|Any CPU
		{B1C60E60-0130-42EE-B22B-681062777764}.Release|Any CPU.Build.0 = Release|Any CPU
	EndGlobalSection
	GlobalSection(SolutionProperties) = preSolution
		HideSolutionNode = FALSE
	EndGlobalSection
	GlobalSection(ExtensibilityGlobals) = postSolution
		SolutionGuid = {7A7A7791-9083-4C1D-93F8-1661AF188235}
	EndGlobalSection
EndGlobal
